
Microsoft Visual Studio Solution File, Format Version 12.00
# Visual Studio 14
VisualStudioVersion = 14.0.24720.0
MinimumVisualStudioVersion = 10.0.40219.1
Project("{FAE04EC0-301F-11D3-BF4B-00C04F79EFBC}") = "Satellite", "Satellite\Satellite.csproj", "{2A1030C9-87FB-47EC-9D13-36E13733CF91}"
EndProject
Project("{FAE04EC0-301F-11D3-BF4B-00C04F79EFBC}") = "Satellite.Tests", "Satellite.Tests\Satellite.Tests.csproj", "{183E0249-8858-4955-B734-05BC8033B591}"
EndProject
Global
	GlobalSection(SolutionConfigurationPlatforms) = preSolution
		Debug|Any CPU = Debug|Any CPU
		Release|Any CPU = Release|Any CPU
	EndGlobalSection
	GlobalSection(ProjectConfigurationPlatforms) = postSolution
		{2A1030C9-87FB-47EC-9D13-36E13733CF91}.Debug|Any CPU.ActiveCfg = Debug|Any CPU
		{2A1030C9-87FB-47EC-9D13-36E13733CF91}.Debug|Any CPU.Build.0 = Debug|Any CPU
		{2A1030C9-87FB-47EC-9D13-36E13733CF91}.Release|Any CPU.ActiveCfg = Release|Any CPU
		{2A1030C9-87FB-47EC-9D13-36E13733CF91}.Release|Any CPU.Build.0 = Release|Any CPU
		{183E0249-8858-4955-B734-05BC8033B591}.Debug|Any CPU.ActiveCfg = Debug|Any CPU
		{183E0249-8858-4955-B734-05BC8033B591}.Debug|Any CPU.Build.0 = Debug|Any CPU
		{183E0249-8858-4955-B734-05BC8033B591}.Release|Any CPU.ActiveCfg = Release|Any CPU
		{183E0249-8858-4955-B734-05BC8033B591}.Release|Any CPU.Build.0 = Release|Any CPU
	EndGlobalSection
	GlobalSection(SolutionProperties) = preSolution
		HideSolutionNode = FALSE
	EndGlobalSection
EndGlobal
