
Microsoft Visual Studio Solution File, Format Version 12.00
# Visual Studio 14
VisualStudioVersion = 14.0.24720.0
MinimumVisualStudioVersion = 10.0.40219.1
Project("{FAE04EC0-301F-11D3-BF4B-00C04F79EFBC}") = "Satellite.Web", "Satellite\Satellite.Web.csproj", "{2A1030C9-87FB-47EC-9D13-36E13733CF91}"
EndProject
Project("{FAE04EC0-301F-11D3-BF4B-00C04F79EFBC}") = "Satellite.Web.Tests", "Satellite.Tests\Satellite.Web.Tests.csproj", "{183E0249-8858-4955-B734-05BC8033B591}"
EndProject
Project("{FAE04EC0-301F-11D3-BF4B-00C04F79EFBC}") = "Satellite.ServiceClient", "Satellite.ServiceClient\Satellite.ServiceClient.csproj", "{3B251E40-26FB-4034-9632-5D20D51A90F6}"
EndProject
Project("{FAE04EC0-301F-11D3-BF4B-00C04F79EFBC}") = "Satellite.ServiceClient.Tests", "Satellite.ServiceClient.Tests\Satellite.ServiceClient.Tests.csproj", "{A62D8746-06A9-4A85-9C30-B0F0282B5AB3}"
EndProject
Project("{FAE04EC0-301F-11D3-BF4B-00C04F79EFBC}") = "Satellite.Envrionment", "Satellite.Envrionment\Satellite.Envrionment.csproj", "{82B50D58-C595-45A6-9273-327390AD0C00}"
EndProject
Project("{FAE04EC0-301F-11D3-BF4B-00C04F79EFBC}") = "Satellite.Environment.Tests", "Satellite.Environment.Tests\Satellite.Environment.Tests.csproj", "{070A56DA-358F-4CC5-B0C9-484679A7C124}"
EndProject
Project("{FAE04EC0-301F-11D3-BF4B-00C04F79EFBC}") = "Satellite.ServiceClient.MS.Tests", "Satellite.ServiceClient.MS.Tests\Satellite.ServiceClient.MS.Tests.csproj", "{C2EC8AA5-0C81-46DE-829A-3E94BF1469ED}"
EndProject
Project("{FAE04EC0-301F-11D3-BF4B-00C04F79EFBC}") = "Satellite.Data.Test", "Satellite.Data.Test\Satellite.Data.Test.csproj", "{20448E2C-1DE1-4893-839E-C786263F938D}"
EndProject
Global
	GlobalSection(SolutionConfigurationPlatforms) = preSolution
		Debug|Any CPU = Debug|Any CPU
		Release|Any CPU = Release|Any CPU
	EndGlobalSection
	GlobalSection(ProjectConfigurationPlatforms) = postSolution
		{2A1030C9-87FB-47EC-9D13-36E13733CF91}.Debug|Any CPU.ActiveCfg = Debug|Any CPU
		{2A1030C9-87FB-47EC-9D13-36E13733CF91}.Debug|Any CPU.Build.0 = Debug|Any CPU
		{2A1030C9-87FB-47EC-9D13-36E13733CF91}.Release|Any CPU.ActiveCfg = Release|Any CPU
		{2A1030C9-87FB-47EC-9D13-36E13733CF91}.Release|Any CPU.Build.0 = Release|Any CPU
		{183E0249-8858-4955-B734-05BC8033B591}.Debug|Any CPU.ActiveCfg = Debug|Any CPU
		{183E0249-8858-4955-B734-05BC8033B591}.Debug|Any CPU.Build.0 = Debug|Any CPU
		{183E0249-8858-4955-B734-05BC8033B591}.Release|Any CPU.ActiveCfg = Release|Any CPU
		{183E0249-8858-4955-B734-05BC8033B591}.Release|Any CPU.Build.0 = Release|Any CPU
		{3B251E40-26FB-4034-9632-5D20D51A90F6}.Debug|Any CPU.ActiveCfg = Debug|Any CPU
		{3B251E40-26FB-4034-9632-5D20D51A90F6}.Debug|Any CPU.Build.0 = Debug|Any CPU
		{3B251E40-26FB-4034-9632-5D20D51A90F6}.Release|Any CPU.ActiveCfg = Release|Any CPU
		{3B251E40-26FB-4034-9632-5D20D51A90F6}.Release|Any CPU.Build.0 = Release|Any CPU
		{A62D8746-06A9-4A85-9C30-B0F0282B5AB3}.Debug|Any CPU.ActiveCfg = Debug|Any CPU
		{A62D8746-06A9-4A85-9C30-B0F0282B5AB3}.Debug|Any CPU.Build.0 = Debug|Any CPU
		{A62D8746-06A9-4A85-9C30-B0F0282B5AB3}.Release|Any CPU.ActiveCfg = Release|Any CPU
		{A62D8746-06A9-4A85-9C30-B0F0282B5AB3}.Release|Any CPU.Build.0 = Release|Any CPU
		{82B50D58-C595-45A6-9273-327390AD0C00}.Debug|Any CPU.ActiveCfg = Debug|Any CPU
		{82B50D58-C595-45A6-9273-327390AD0C00}.Debug|Any CPU.Build.0 = Debug|Any CPU
		{82B50D58-C595-45A6-9273-327390AD0C00}.Release|Any CPU.ActiveCfg = Release|Any CPU
		{82B50D58-C595-45A6-9273-327390AD0C00}.Release|Any CPU.Build.0 = Release|Any CPU
		{070A56DA-358F-4CC5-B0C9-484679A7C124}.Debug|Any CPU.ActiveCfg = Debug|Any CPU
		{070A56DA-358F-4CC5-B0C9-484679A7C124}.Debug|Any CPU.Build.0 = Debug|Any CPU
		{070A56DA-358F-4CC5-B0C9-484679A7C124}.Release|Any CPU.ActiveCfg = Release|Any CPU
		{070A56DA-358F-4CC5-B0C9-484679A7C124}.Release|Any CPU.Build.0 = Release|Any CPU
		{C2EC8AA5-0C81-46DE-829A-3E94BF1469ED}.Debug|Any CPU.ActiveCfg = Debug|Any CPU
		{C2EC8AA5-0C81-46DE-829A-3E94BF1469ED}.Debug|Any CPU.Build.0 = Debug|Any CPU
		{C2EC8AA5-0C81-46DE-829A-3E94BF1469ED}.Release|Any CPU.ActiveCfg = Release|Any CPU
		{C2EC8AA5-0C81-46DE-829A-3E94BF1469ED}.Release|Any CPU.Build.0 = Release|Any CPU
		{20448E2C-1DE1-4893-839E-C786263F938D}.Debug|Any CPU.ActiveCfg = Debug|Any CPU
		{20448E2C-1DE1-4893-839E-C786263F938D}.Debug|Any CPU.Build.0 = Debug|Any CPU
		{20448E2C-1DE1-4893-839E-C786263F938D}.Release|Any CPU.ActiveCfg = Release|Any CPU
		{20448E2C-1DE1-4893-839E-C786263F938D}.Release|Any CPU.Build.0 = Release|Any CPU
	EndGlobalSection
	GlobalSection(SolutionProperties) = preSolution
		HideSolutionNode = FALSE
	EndGlobalSection
EndGlobal
